
Microsoft Visual Studio Solution File, Format Version 12.00
# Visual Studio Version 16
VisualStudioVersion = 16.0.29728.190
MinimumVisualStudioVersion = 10.0.40219.1
Project("{9A19103F-16F7-4668-BE54-9A1E7A4F7556}") = "Algorithms.V1", "Algorithms.V1\Algorithms.V1.csproj", "{2732572A-8745-4C73-A228-EA2AE64A4212}"
EndProject
Project("{9A19103F-16F7-4668-BE54-9A1E7A4F7556}") = "Algorithms.V2", "Algorithms.V2\Algorithms.V2.csproj", "{BB49BF3B-1438-43F1-AA50-D6DE1C06ABC6}"
EndProject
Project("{9A19103F-16F7-4668-BE54-9A1E7A4F7556}") = "Algorithms.V3", "Algorithms.V3\Algorithms.V3.csproj", "{5EC68BC0-A91F-461E-8177-B76D4BF61A87}"
EndProject
Project("{FAE04EC0-301F-11D3-BF4B-00C04F79EFBC}") = "Algorithms.V1.Tests", "Algorithms.V1.Tests\Algorithms.V1.Tests.csproj", "{090E011A-06EE-48CD-8F76-4532D997B8D9}"
EndProject
Project("{FAE04EC0-301F-11D3-BF4B-00C04F79EFBC}") = "Algorithms.V2.Tests", "Algorithms.V2.Tests\Algorithms.V2.Tests.csproj", "{9698F434-59E9-4C21-AF25-7F89102B6522}"
EndProject
Project("{FAE04EC0-301F-11D3-BF4B-00C04F79EFBC}") = "Algorithms.V3.Tests", "Algorithms.V3.Tests\Algorithms.V3.Tests.csproj", "{4F99715B-A8CC-4780-97A2-C2BFE3D031A2}"
EndProject
Global
	GlobalSection(SolutionConfigurationPlatforms) = preSolution
		Debug|Any CPU = Debug|Any CPU
		Release|Any CPU = Release|Any CPU
	EndGlobalSection
	GlobalSection(ProjectConfigurationPlatforms) = postSolution
		{2732572A-8745-4C73-A228-EA2AE64A4212}.Debug|Any CPU.ActiveCfg = Debug|Any CPU
		{2732572A-8745-4C73-A228-EA2AE64A4212}.Debug|Any CPU.Build.0 = Debug|Any CPU
		{2732572A-8745-4C73-A228-EA2AE64A4212}.Release|Any CPU.ActiveCfg = Release|Any CPU
		{2732572A-8745-4C73-A228-EA2AE64A4212}.Release|Any CPU.Build.0 = Release|Any CPU
		{BB49BF3B-1438-43F1-AA50-D6DE1C06ABC6}.Debug|Any CPU.ActiveCfg = Debug|Any CPU
		{BB49BF3B-1438-43F1-AA50-D6DE1C06ABC6}.Debug|Any CPU.Build.0 = Debug|Any CPU
		{BB49BF3B-1438-43F1-AA50-D6DE1C06ABC6}.Release|Any CPU.ActiveCfg = Release|Any CPU
		{BB49BF3B-1438-43F1-AA50-D6DE1C06ABC6}.Release|Any CPU.Build.0 = Release|Any CPU
		{5EC68BC0-A91F-461E-8177-B76D4BF61A87}.Debug|Any CPU.ActiveCfg = Debug|Any CPU
		{5EC68BC0-A91F-461E-8177-B76D4BF61A87}.Debug|Any CPU.Build.0 = Debug|Any CPU
		{5EC68BC0-A91F-461E-8177-B76D4BF61A87}.Release|Any CPU.ActiveCfg = Release|Any CPU
		{5EC68BC0-A91F-461E-8177-B76D4BF61A87}.Release|Any CPU.Build.0 = Release|Any CPU
		{090E011A-06EE-48CD-8F76-4532D997B8D9}.Debug|Any CPU.ActiveCfg = Debug|Any CPU
		{090E011A-06EE-48CD-8F76-4532D997B8D9}.Debug|Any CPU.Build.0 = Debug|Any CPU
		{090E011A-06EE-48CD-8F76-4532D997B8D9}.Release|Any CPU.ActiveCfg = Release|Any CPU
		{090E011A-06EE-48CD-8F76-4532D997B8D9}.Release|Any CPU.Build.0 = Release|Any CPU
		{9698F434-59E9-4C21-AF25-7F89102B6522}.Debug|Any CPU.ActiveCfg = Debug|Any CPU
		{9698F434-59E9-4C21-AF25-7F89102B6522}.Debug|Any CPU.Build.0 = Debug|Any CPU
		{9698F434-59E9-4C21-AF25-7F89102B6522}.Release|Any CPU.ActiveCfg = Release|Any CPU
		{9698F434-59E9-4C21-AF25-7F89102B6522}.Release|Any CPU.Build.0 = Release|Any CPU
		{4F99715B-A8CC-4780-97A2-C2BFE3D031A2}.Debug|Any CPU.ActiveCfg = Debug|Any CPU
		{4F99715B-A8CC-4780-97A2-C2BFE3D031A2}.Debug|Any CPU.Build.0 = Debug|Any CPU
		{4F99715B-A8CC-4780-97A2-C2BFE3D031A2}.Release|Any CPU.ActiveCfg = Release|Any CPU
		{4F99715B-A8CC-4780-97A2-C2BFE3D031A2}.Release|Any CPU.Build.0 = Release|Any CPU
	EndGlobalSection
	GlobalSection(SolutionProperties) = preSolution
		HideSolutionNode = FALSE
	EndGlobalSection
	GlobalSection(ExtensibilityGlobals) = postSolution
		SolutionGuid = {C7DC1795-B0BC-43B0-B142-B1FFF1260A6F}
	EndGlobalSection
EndGlobal
